
Microsoft Visual Studio Solution File, Format Version 12.00
# Visual Studio Version 17
VisualStudioVersion = 17.1.32228.430
MinimumVisualStudioVersion = 10.0.40219.1
Project("{9A19103F-16F7-4668-BE54-9A1E7A4F7556}") = "SwissTable", "SwissTable\SwissTable.csproj", "{79EA35F8-551B-4739-AA8B-994C5D8EB51D}"
EndProject
Project("{9A19103F-16F7-4668-BE54-9A1E7A4F7556}") = "SwissTableTest", "SwissTableTest\SwissTableTest.csproj", "{0727BF86-55CD-4302-9DC2-B9C046E9B772}"
EndProject
Global
	GlobalSection(SolutionConfigurationPlatforms) = preSolution
		Debug|Any CPU = Debug|Any CPU
		Release|Any CPU = Release|Any CPU
	EndGlobalSection
	GlobalSection(ProjectConfigurationPlatforms) = postSolution
		{79EA35F8-551B-4739-AA8B-994C5D8EB51D}.Debug|Any CPU.ActiveCfg = Debug|Any CPU
		{79EA35F8-551B-4739-AA8B-994C5D8EB51D}.Debug|Any CPU.Build.0 = Debug|Any CPU
		{79EA35F8-551B-4739-AA8B-994C5D8EB51D}.Release|Any CPU.ActiveCfg = Release|Any CPU
		{79EA35F8-551B-4739-AA8B-994C5D8EB51D}.Release|Any CPU.Build.0 = Release|Any CPU
		{0727BF86-55CD-4302-9DC2-B9C046E9B772}.Debug|Any CPU.ActiveCfg = Debug|Any CPU
		{0727BF86-55CD-4302-9DC2-B9C046E9B772}.Debug|Any CPU.Build.0 = Debug|Any CPU
		{0727BF86-55CD-4302-9DC2-B9C046E9B772}.Release|Any CPU.ActiveCfg = Release|Any CPU
		{0727BF86-55CD-4302-9DC2-B9C046E9B772}.Release|Any CPU.Build.0 = Release|Any CPU
	EndGlobalSection
	GlobalSection(SolutionProperties) = preSolution
		HideSolutionNode = FALSE
	EndGlobalSection
	GlobalSection(ExtensibilityGlobals) = postSolution
		SolutionGuid = {668CEB74-2324-41A6-BCF1-727D28C922D8}
	EndGlobalSection
EndGlobal
