
Microsoft Visual Studio Solution File, Format Version 12.00
# Visual Studio Version 17
VisualStudioVersion = 17.1.32228.430
MinimumVisualStudioVersion = 10.0.40219.1
Project("{9A19103F-16F7-4668-BE54-9A1E7A4F7556}") = "SwissTable", "SwissTable\SwissTable.csproj", "{79EA35F8-551B-4739-AA8B-994C5D8EB51D}"
EndProject
Project("{9A19103F-16F7-4668-BE54-9A1E7A4F7556}") = "SwissTableTest", "SwissTableTest\SwissTableTest.csproj", "{0727BF86-55CD-4302-9DC2-B9C046E9B772}"
EndProject
Project("{9A19103F-16F7-4668-BE54-9A1E7A4F7556}") = "DebugRuntimeDummy", "DebugRuntimeDummy\DebugRuntimeDummy.csproj", "{0041AAE1-954C-4B23-AC48-B782D6A067EC}"
EndProject
Project("{9A19103F-16F7-4668-BE54-9A1E7A4F7556}") = "Benchmark", "Benchmark\Benchmark.csproj", "{7D3A3934-150E-4FF7-87AE-1D2858E0DE8D}"
EndProject
Project("{FAE04EC0-301F-11D3-BF4B-00C04F79EFBC}") = "Repro", "Repro\Repro.csproj", "{5687297B-B99E-4A6C-8698-39EEF64DB07F}"
EndProject
Global
	GlobalSection(SolutionConfigurationPlatforms) = preSolution
		Debug|Any CPU = Debug|Any CPU
		Release|Any CPU = Release|Any CPU
	EndGlobalSection
	GlobalSection(ProjectConfigurationPlatforms) = postSolution
		{79EA35F8-551B-4739-AA8B-994C5D8EB51D}.Debug|Any CPU.ActiveCfg = Debug|Any CPU
		{79EA35F8-551B-4739-AA8B-994C5D8EB51D}.Debug|Any CPU.Build.0 = Debug|Any CPU
		{79EA35F8-551B-4739-AA8B-994C5D8EB51D}.Release|Any CPU.ActiveCfg = Release|Any CPU
		{79EA35F8-551B-4739-AA8B-994C5D8EB51D}.Release|Any CPU.Build.0 = Release|Any CPU
		{0727BF86-55CD-4302-9DC2-B9C046E9B772}.Debug|Any CPU.ActiveCfg = Debug|Any CPU
		{0727BF86-55CD-4302-9DC2-B9C046E9B772}.Debug|Any CPU.Build.0 = Debug|Any CPU
		{0727BF86-55CD-4302-9DC2-B9C046E9B772}.Release|Any CPU.ActiveCfg = Release|Any CPU
		{0727BF86-55CD-4302-9DC2-B9C046E9B772}.Release|Any CPU.Build.0 = Release|Any CPU
		{0041AAE1-954C-4B23-AC48-B782D6A067EC}.Debug|Any CPU.ActiveCfg = Debug|Any CPU
		{0041AAE1-954C-4B23-AC48-B782D6A067EC}.Debug|Any CPU.Build.0 = Debug|Any CPU
		{0041AAE1-954C-4B23-AC48-B782D6A067EC}.Release|Any CPU.ActiveCfg = Release|Any CPU
		{0041AAE1-954C-4B23-AC48-B782D6A067EC}.Release|Any CPU.Build.0 = Release|Any CPU
		{7D3A3934-150E-4FF7-87AE-1D2858E0DE8D}.Debug|Any CPU.ActiveCfg = Debug|Any CPU
		{7D3A3934-150E-4FF7-87AE-1D2858E0DE8D}.Debug|Any CPU.Build.0 = Debug|Any CPU
		{7D3A3934-150E-4FF7-87AE-1D2858E0DE8D}.Release|Any CPU.ActiveCfg = Release|Any CPU
		{7D3A3934-150E-4FF7-87AE-1D2858E0DE8D}.Release|Any CPU.Build.0 = Release|Any CPU
		{5687297B-B99E-4A6C-8698-39EEF64DB07F}.Debug|Any CPU.ActiveCfg = Debug|Any CPU
		{5687297B-B99E-4A6C-8698-39EEF64DB07F}.Debug|Any CPU.Build.0 = Debug|Any CPU
		{5687297B-B99E-4A6C-8698-39EEF64DB07F}.Release|Any CPU.ActiveCfg = Release|Any CPU
		{5687297B-B99E-4A6C-8698-39EEF64DB07F}.Release|Any CPU.Build.0 = Release|Any CPU
	EndGlobalSection
	GlobalSection(SolutionProperties) = preSolution
		HideSolutionNode = FALSE
	EndGlobalSection
	GlobalSection(ExtensibilityGlobals) = postSolution
		SolutionGuid = {668CEB74-2324-41A6-BCF1-727D28C922D8}
	EndGlobalSection
EndGlobal
